
Microsoft Visual Studio Solution File, Format Version 12.00
# Visual Studio 15
VisualStudioVersion = 15.0.28307.489
MinimumVisualStudioVersion = 10.0.40219.1
Project("{FAE04EC0-301F-11D3-BF4B-00C04F79EFBC}") = "PortfolioProject", "PortfolioProject\PortfolioProject.csproj", "{CBA3322B-9EA4-4406-8097-B3824A593CBC}"
EndProject
Global
	GlobalSection(SolutionConfigurationPlatforms) = preSolution
		Debug|Any CPU = Debug|Any CPU
		Release|Any CPU = Release|Any CPU
	EndGlobalSection
	GlobalSection(ProjectConfigurationPlatforms) = postSolution
		{CBA3322B-9EA4-4406-8097-B3824A593CBC}.Debug|Any CPU.ActiveCfg = Debug|Any CPU
		{CBA3322B-9EA4-4406-8097-B3824A593CBC}.Debug|Any CPU.Build.0 = Debug|Any CPU
		{CBA3322B-9EA4-4406-8097-B3824A593CBC}.Release|Any CPU.ActiveCfg = Release|Any CPU
		{CBA3322B-9EA4-4406-8097-B3824A593CBC}.Release|Any CPU.Build.0 = Release|Any CPU
	EndGlobalSection
	GlobalSection(SolutionProperties) = preSolution
		HideSolutionNode = FALSE
	EndGlobalSection
	GlobalSection(ExtensibilityGlobals) = postSolution
		SolutionGuid = {4663756E-BAB9-4967-9A55-50D7BCA55B1A}
	EndGlobalSection
EndGlobal
